
Microsoft Visual Studio Solution File, Format Version 12.00
# Visual Studio Version 17
VisualStudioVersion = 17.11.35312.102
MinimumVisualStudioVersion = 10.0.40219.1
Project("{FAE04EC0-301F-11D3-BF4B-00C04F79EFBC}") = "hometask112124", "hometask112124.csproj", "{3E32AC7E-C4B5-4A57-9CB9-22A9FC0BFF5E}"
EndProject
Global
	GlobalSection(SolutionConfigurationPlatforms) = preSolution
		Debug|Any CPU = Debug|Any CPU
		Release|Any CPU = Release|Any CPU
	EndGlobalSection
	GlobalSection(ProjectConfigurationPlatforms) = postSolution
		{3E32AC7E-C4B5-4A57-9CB9-22A9FC0BFF5E}.Debug|Any CPU.ActiveCfg = Debug|Any CPU
		{3E32AC7E-C4B5-4A57-9CB9-22A9FC0BFF5E}.Debug|Any CPU.Build.0 = Debug|Any CPU
		{3E32AC7E-C4B5-4A57-9CB9-22A9FC0BFF5E}.Release|Any CPU.ActiveCfg = Release|Any CPU
		{3E32AC7E-C4B5-4A57-9CB9-22A9FC0BFF5E}.Release|Any CPU.Build.0 = Release|Any CPU
	EndGlobalSection
	GlobalSection(SolutionProperties) = preSolution
		HideSolutionNode = FALSE
	EndGlobalSection
	GlobalSection(ExtensibilityGlobals) = postSolution
		SolutionGuid = {79DF590F-728E-4675-AC4D-1B487C8F9449}
	EndGlobalSection
EndGlobal
